<?xml version="1.0" encoding="UTF-8" standalone="yes" ?>
<CodeBlocks_project_file>
	<FileVersion major="1" minor="6" />
	<Project>
		<Option title="Engine" />
		<Option pch_mode="2" />
		<Option compiler="gcc" />
		<Build>
			<Target title="Debug">
				<Option output="bin/Debug/Engine" prefix_auto="1" extension_auto="1" />
				<Option object_output="obj/Debug/" />
				<Option type="1" />
				<Option compiler="gcc" />
				<Compiler>
					<Add option="-g" />
				</Compiler>
			</Target>
			<Target title="Release">
				<Option output="bin/Release/Engine" prefix_auto="1" extension_auto="1" />
				<Option object_output="obj/Release/" />
				<Option type="1" />
				<Option compiler="gcc" />
				<Compiler>
					<Add option="-O2" />
				</Compiler>
				<Linker>
					<Add option="-s" />
				</Linker>
			</Target>
		</Build>
		<Compiler>
			<Add option="-Wall" />
			<Add option="-fexceptions" />
		</Compiler>
		<Unit filename="include/GL/SOIL.h" />
		<Unit filename="include/GL/glcorearb.h" />
		<Unit filename="include/graphics/RenderQueue.hpp" />
		<Unit filename="include/graphics/Shader.hpp" />
		<Unit filename="include/graphics/Texture.hpp" />
		<Unit filename="include/math/mat2.hpp" />
		<Unit filename="include/math/mat3.hpp" />
		<Unit filename="include/math/vec2.hpp" />
		<Unit filename="include/math/vec3.hpp" />
		<Unit filename="include/math/vec4.hpp" />
		<Unit filename="include/scene/Scene.hpp" />
		<Unit filename="include/scene/SceneObject.hpp" />
		<Unit filename="include/setup.hpp" />
		<Unit filename="src/graphics/RenderQueue.cpp" />
		<Unit filename="src/graphics/Shader.cpp" />
		<Unit filename="src/graphics/Texture.cpp" />
		<Unit filename="src/main.cpp" />
		<Unit filename="src/math/mat2.cpp" />
		<Unit filename="src/math/mat3.cpp" />
		<Unit filename="src/math/vec2.cpp" />
		<Unit filename="src/math/vec3.cpp" />
		<Unit filename="src/math/vec4.cpp" />
		<Unit filename="src/scene/Scene.cpp" />
		<Unit filename="src/scene/SceneObject.cpp" />
		<Extensions>
			<code_completion />
			<debugger />
		</Extensions>
	</Project>
</CodeBlocks_project_file>
